name: Refresh Cargo lock

on:
  pull_request:
    branches:
      - main

permissions:
  contents: read

jobs:
  refresh-lock-and-test:
    runs-on: ubuntu-latest
    steps:
      - name: Check out PR branch
        uses: actions/checkout@v7
        with:
          ref: ${{ github.head_ref }}

      - name: Install Rust
        uses: dtolnay/rust-toolchain@stable

      - uses: Swatinem/rust-cache@v2

      - name: Update librtmp2 lock entry
        run: cargo update -p librtmp2 --precise 0.5.0

      - name: Build release
        run: cargo build --release --locked

      - name: Run release tests
        run: cargo test --release --locked

      - name: Upload updated lockfile
        uses: actions/upload-artifact@v7
        with:
          name: cargo-lock
          path: Cargo.lock
